PODS:
  - Account (0.0.1):
    - Net
    - PGFoundation
    - Provider
    - RxCocoa
    - RxSwift
    - SnapKit
    - UIComponents
    - Util
  - Alamofire (5.4.4)
  - BBS (0.0.1):
    - Gallery
    - Net
    - PGFoundation
    - Provider
    - Router
    - RxCocoa
    - RxSwift
    - UIComponents
  - Differentiator (5.0.0)
  - Gallery (2.4.0)
  - Hybrid (0.0.1):
    - Util
  - MMKV (1.2.11):
    - MMKVCore (~> 1.2.11)
  - MMKVCore (1.2.12)
  - Net (0.0.1):
    - Alamofire
    - Provider
  - Persistence (0.0.1):
    - MMKV
    - PGFoundation
    - Provider
  - PGFoundation (0.0.1):
    - RxSwift
  - Provider (0.0.1):
    - PGFoundation
  - Router (0.0.1):
    - Hybrid
    - Util
  - RxCocoa (6.2.0):
    - RxRelay (= 6.2.0)
    - RxSwift (= 6.2.0)
  - RxDataSources (5.0.0):
    - Differentiator (~> 5.0)
    - RxCocoa (~> 6.0)
    - RxSwift (~> 6.0)
  - RxRelay (6.2.0):
    - RxSwift (= 6.2.0)
  - RxSwift (6.2.0)
  - SnapKit (5.0.1)
  - Starter (0.0.1):
    - PGFoundation
    - Provider
    - UIComponents
  - Toast-Swift (5.0.1)
  - ToDo (0.0.1):
    - Net
    - Persistence
    - PGFoundation
    - Provider
    - Router
    - RxCocoa
    - RxSwift
    - UIComponents
  - UIComponents (0.0.1):
    - RxCocoa
    - RxSwift
    - SnapKit
    - Toast-Swift
    - Util
  - Util (0.0.1)

DEPENDENCIES:
  - Account (from `Modules/Common/Account`)
  - Alamofire (= 5.4.4)
  - BBS (from `Modules/Business/BBS`)
  - Gallery (= 2.4.0)
  - Hybrid (from `Modules/Common/Hybrid`)
  - MMKV (= 1.2.11)
  - Net (from `Modules/Common/Net`)
  - Persistence (from `Modules/Common/Persistence`)
  - PGFoundation (from `Modules/Common/PGFoundation`)
  - Provider (from `Modules/Common/Provider`)
  - Router (from `Modules/Common/Router`)
  - RxCocoa (= 6.2.0)
  - RxDataSources (= 5.0)
  - RxSwift (= 6.2.0)
  - SnapKit (= 5.0.1)
  - Starter (from `Modules/Business/Starter`)
  - Toast-Swift (= 5.0.1)
  - ToDo (from `Modules/Business/ToDo`)
  - UIComponents (from `Modules/Common/UIComponents`)
  - Util (from `Modules/Common/Util`)

SPEC REPOS:
  trunk:
    - Alamofire
    - Differentiator
    - Gallery
    - MMKV
    - MMKVCore
    - RxCocoa
    - RxDataSources
    - RxRelay
    - RxSwift
    - SnapKit
    - Toast-Swift

EXTERNAL SOURCES:
  Account:
    :path: Modules/Common/Account
  BBS:
    :path: Modules/Business/BBS
  Hybrid:
    :path: Modules/Common/Hybrid
  Net:
    :path: Modules/Common/Net
  Persistence:
    :path: Modules/Common/Persistence
  PGFoundation:
    :path: Modules/Common/PGFoundation
  Provider:
    :path: Modules/Common/Provider
  Router:
    :path: Modules/Common/Router
  Starter:
    :path: Modules/Business/Starter
  ToDo:
    :path: Modules/Business/ToDo
  UIComponents:
    :path: Modules/Common/UIComponents
  Util:
    :path: Modules/Common/Util

SPEC CHECKSUMS:
  Account: 5d43290fac2bcbc676781dd8161af9489543e555
  Alamofire: f3b09a368f1582ab751b3fff5460276e0d2cf5c9
  BBS: fa74637b302394641a30156867b61054d1eede2d
  Differentiator: e8497ceab83c1b10ca233716d547b9af21b9344d
  Gallery: b7fc1aeb68a39ad6d2c423574750196bf9b25e5c
  Hybrid: f939efddf0a5e3cd6b48961abebdb98cba6add40
  MMKV: 217b643c181c3d2f71983206ca1972d0a6e99881
  MMKVCore: df0565f6b58463604731a68ba6cd89bc0b2d1d55
  Net: 4ec17e99f8a3f3fcb77067d64f95ca28838f13f8
  Persistence: b073d6c8b6d12cf707e7adbdacff36e556b5545f
  PGFoundation: 3a2a2acad8436e8f8e48a2e8a57ea4ab894c39ef
  Provider: 5a3bedf02e8d1287d7b1da661ca97b440b540491
  Router: d9dfb27ee05c3f6beef3cf1d820d730c87c62a7b
  RxCocoa: 4baf94bb35f2c0ab31bc0cb9f1900155f646ba42
  RxDataSources: aa47cc1ed6c500fa0dfecac5c979b723542d79cf
  RxRelay: e72dbfd157807478401ef1982e1c61c945c94b2f
  RxSwift: d356ab7bee873611322f134c5f9ef379fa183d8f
  SnapKit: 97b92857e3df3a0c71833cce143274bf6ef8e5eb
  Starter: dd0337154aa84ff0d149946af8510d6a4a66c5a9
  Toast-Swift: 9b6a70f28b3bf0b96c40d46c0c4b9d6639846711
  ToDo: 5e900aae127eed5b13cd0b415aaaf2e2904c5920
  UIComponents: b1d741cba7e3a8a53b9ee7c9449e8c642d73fd05
  Util: 9269aba84bf203b4ea0604aeb60088d757e3e87e

PODFILE CHECKSUM: 3da4a11662c17a66436d8609abd86b9f4aa8afd9

COCOAPODS: 1.10.1
