PODS:
  - Account (0.0.1):
    - Net
    - PGFoundation
    - Provider
    - RxCocoa
    - RxSwift
    - SnapKit
    - UIComponents
    - Util
  - Alamofire (5.4.4)
  - BBS (0.0.1):
    - Gallery
    - Net
    - PGFoundation
    - Provider
    - Router
    - RxCocoa
    - RxSwift
    - SDWebImage
    - UIComponents
  - Differentiator (5.0.0)
  - Gallery (2.4.0)
  - Hybrid (0.1.0):
    - Util (= 0.1.0)
  - MMKV (1.2.11):
    - MMKVCore (~> 1.2.11)
  - MMKVCore (1.2.13)
  - Net (0.0.1):
    - Alamofire
    - Provider
  - Persistence (0.0.1):
    - MMKV
    - PGFoundation
    - Provider
  - PGFoundation (0.1.2):
    - RxSwift (= 6.2.0)
  - Provider (0.0.1):
    - PGFoundation
  - Router (0.1.0):
    - Hybrid (= 0.1.0)
  - RxCocoa (6.2.0):
    - RxRelay (= 6.2.0)
    - RxSwift (= 6.2.0)
  - RxDataSources (5.0.0):
    - Differentiator (~> 5.0)
    - RxCocoa (~> 6.0)
    - RxSwift (~> 6.0)
  - RxRelay (6.2.0):
    - RxSwift (= 6.2.0)
  - RxSwift (6.2.0)
  - SDWebImage (5.0.0):
    - SDWebImage/Core (= 5.0.0)
  - SDWebImage/Core (5.0.0)
  - SnapKit (5.0.1)
  - Starter (0.0.1):
    - PGFoundation
    - Provider
    - UIComponents
  - Toast-Swift (5.0.1)
  - ToDo (0.0.1):
    - Net
    - Persistence
    - PGFoundation
    - Provider
    - Router
    - RxCocoa
    - RxSwift
    - UIComponents
  - UIComponents (0.0.1):
    - RxCocoa
    - RxSwift
    - SnapKit
    - Toast-Swift
    - Util
  - Util (0.1.0)

DEPENDENCIES:
  - Account (from `Modules/Common/Account`)
  - Alamofire (= 5.4.4)
  - BBS (from `Modules/Business/BBS`)
  - Gallery (= 2.4.0)
  - Hybrid (= 0.1.0)
  - MMKV (= 1.2.11)
  - Net (from `Modules/Common/Net`)
  - Persistence (from `Modules/Common/Persistence`)
  - PGFoundation (= 0.1.2)
  - Provider (from `Modules/Common/Provider`)
  - Router (= 0.1.0)
  - RxCocoa (= 6.2.0)
  - RxDataSources (= 5.0)
  - RxSwift (= 6.2.0)
  - SDWebImage (= 5.0)
  - SnapKit (= 5.0.1)
  - Starter (from `Modules/Business/Starter`)
  - Toast-Swift (= 5.0.1)
  - ToDo (from `Modules/Business/ToDo`)
  - UIComponents (from `Modules/Common/UIComponents`)
  - Util (= 0.1.0)

SPEC REPOS:
  https://github.com/CocoaPods/Specs.git:
    - Alamofire
    - Differentiator
    - Gallery
    - MMKV
    - MMKVCore
    - RxCocoa
    - RxDataSources
    - RxRelay
    - RxSwift
    - SDWebImage
    - SnapKit
    - Toast-Swift
  https://github.com/fyhNB/PGPodRepo.git:
    - Hybrid
    - PGFoundation
    - Router
    - Util

EXTERNAL SOURCES:
  Account:
    :path: Modules/Common/Account
  BBS:
    :path: Modules/Business/BBS
  Net:
    :path: Modules/Common/Net
  Persistence:
    :path: Modules/Common/Persistence
  Provider:
    :path: Modules/Common/Provider
  Starter:
    :path: Modules/Business/Starter
  ToDo:
    :path: Modules/Business/ToDo
  UIComponents:
    :path: Modules/Common/UIComponents

SPEC CHECKSUMS:
  Account: 5d43290fac2bcbc676781dd8161af9489543e555
  Alamofire: f3b09a368f1582ab751b3fff5460276e0d2cf5c9
  BBS: 991c48d6926397d9cf74e2895cb37cfc1d49c5b1
  Differentiator: e8497ceab83c1b10ca233716d547b9af21b9344d
  Gallery: b7fc1aeb68a39ad6d2c423574750196bf9b25e5c
  Hybrid: 27f66b8d1ae5a2c5ea3ae7793c0f54294047dcc0
  MMKV: 217b643c181c3d2f71983206ca1972d0a6e99881
  MMKVCore: 3388952ded307e41b3ed8a05892736a236ed1b8e
  Net: 4ec17e99f8a3f3fcb77067d64f95ca28838f13f8
  Persistence: b073d6c8b6d12cf707e7adbdacff36e556b5545f
  PGFoundation: 04c2c887711393665a771a21adfd8052fd1e9e9d
  Provider: 5a3bedf02e8d1287d7b1da661ca97b440b540491
  Router: 7ce84e338628351a49d7c12dedf391ef66ed7bd7
  RxCocoa: 4baf94bb35f2c0ab31bc0cb9f1900155f646ba42
  RxDataSources: aa47cc1ed6c500fa0dfecac5c979b723542d79cf
  RxRelay: e72dbfd157807478401ef1982e1c61c945c94b2f
  RxSwift: d356ab7bee873611322f134c5f9ef379fa183d8f
  SDWebImage: 5de80a0302de9e377e62f47d2fa1304efff0e55f
  SnapKit: 97b92857e3df3a0c71833cce143274bf6ef8e5eb
  Starter: dd0337154aa84ff0d149946af8510d6a4a66c5a9
  Toast-Swift: 9b6a70f28b3bf0b96c40d46c0c4b9d6639846711
  ToDo: 5e900aae127eed5b13cd0b415aaaf2e2904c5920
  UIComponents: b1d741cba7e3a8a53b9ee7c9449e8c642d73fd05
  Util: c761ec789d1a813045c9eb36e79943a7dc27628d

PODFILE CHECKSUM: 03652be24945eae085923c80e33d70eefd22baa9

COCOAPODS: 1.10.1
